Microsoft Visual Studio Solution File, Format Version 11.00
# Visual Studio 2008

Project("{A0855A15-DCA1-4CC5-42D7-63B62095D39C}") = "FinalsUnity", "Assembly-CSharp-firstpass.csproj", "{F149FE80-05B4-3059-3329-47E28B0FA717}"
EndProject
Project("{A0855A15-DCA1-4CC5-42D7-63B62095D39C}") = "FinalsUnity", "Assembly-CSharp.csproj", "{CB1B5B80-A614-7B41-1470-2D42F6C868EB}"
EndProject
Project("{A0855A15-DCA1-4CC5-42D7-63B62095D39C}") = "FinalsUnity", "Assembly-CSharp-Editor.csproj", "{B62810EA-5742-3CEA-DEC3-7D17E95E69DC}"
EndProject
Project("{A0855A15-DCA1-4CC5-42D7-63B62095D39C}") = "FinalsUnity", "Assembly-UnityScript-firstpass.unityproj", "{A59DCD22-1B79-1DB6-C752-8C30F5C1B0FE}"
EndProject
Project("{A0855A15-DCA1-4CC5-42D7-63B62095D39C}") = "FinalsUnity", "Assembly-UnityScript.unityproj", "{20F1B49F-1C7F-72A5-F394-6658FBB3D364}"
EndProject
Global
	GlobalSection(SolutionConfigurationPlatforms) = preSolution
		Debug|Any CPU = Debug|Any CPU
		Release|Any CPU = Release|Any CPU
	EndGlobalSection
	GlobalSection(ProjectConfigurationPlatforms) = postSolution
		{F149FE80-05B4-3059-3329-47E28B0FA717}.Debug|Any CPU.ActiveCfg = Debug|Any CPU
		{F149FE80-05B4-3059-3329-47E28B0FA717}.Debug|Any CPU.Build.0 = Debug|Any CPU
		{F149FE80-05B4-3059-3329-47E28B0FA717}.Release|Any CPU.ActiveCfg = Release|Any CPU
		{F149FE80-05B4-3059-3329-47E28B0FA717}.Release|Any CPU.Build.0 = Release|Any CPU
		{CB1B5B80-A614-7B41-1470-2D42F6C868EB}.Debug|Any CPU.ActiveCfg = Debug|Any CPU
		{CB1B5B80-A614-7B41-1470-2D42F6C868EB}.Debug|Any CPU.Build.0 = Debug|Any CPU
		{CB1B5B80-A614-7B41-1470-2D42F6C868EB}.Release|Any CPU.ActiveCfg = Release|Any CPU
		{CB1B5B80-A614-7B41-1470-2D42F6C868EB}.Release|Any CPU.Build.0 = Release|Any CPU
		{B62810EA-5742-3CEA-DEC3-7D17E95E69DC}.Debug|Any CPU.ActiveCfg = Debug|Any CPU
		{B62810EA-5742-3CEA-DEC3-7D17E95E69DC}.Debug|Any CPU.Build.0 = Debug|Any CPU
		{B62810EA-5742-3CEA-DEC3-7D17E95E69DC}.Release|Any CPU.ActiveCfg = Release|Any CPU
		{B62810EA-5742-3CEA-DEC3-7D17E95E69DC}.Release|Any CPU.Build.0 = Release|Any CPU
		{A59DCD22-1B79-1DB6-C752-8C30F5C1B0FE}.Debug|Any CPU.ActiveCfg = Debug|Any CPU
		{A59DCD22-1B79-1DB6-C752-8C30F5C1B0FE}.Debug|Any CPU.Build.0 = Debug|Any CPU
		{A59DCD22-1B79-1DB6-C752-8C30F5C1B0FE}.Release|Any CPU.ActiveCfg = Release|Any CPU
		{A59DCD22-1B79-1DB6-C752-8C30F5C1B0FE}.Release|Any CPU.Build.0 = Release|Any CPU
		{20F1B49F-1C7F-72A5-F394-6658FBB3D364}.Debug|Any CPU.ActiveCfg = Debug|Any CPU
		{20F1B49F-1C7F-72A5-F394-6658FBB3D364}.Debug|Any CPU.Build.0 = Debug|Any CPU
		{20F1B49F-1C7F-72A5-F394-6658FBB3D364}.Release|Any CPU.ActiveCfg = Release|Any CPU
		{20F1B49F-1C7F-72A5-F394-6658FBB3D364}.Release|Any CPU.Build.0 = Release|Any CPU
	EndGlobalSection
	GlobalSection(SolutionProperties) = preSolution
		HideSolutionNode = FALSE
	EndGlobalSection
												GlobalSection(MonoDevelopProperties) = preSolution
		StartupItem = Assembly-CSharp.csproj
		Policies = $0
		$0.TextStylePolicy = $1
		$1.inheritsSet = null
		$1.scope = text/x-csharp
		$0.CSharpFormattingPolicy = $2
		$2.inheritsSet = Mono
		$2.inheritsScope = text/x-csharp
		$2.scope = text/x-csharp
		$0.TextStylePolicy = $3
		$3.FileWidth = 120
		$3.TabWidth = 4
		$3.EolMarker = Unix
		$3.inheritsSet = Mono
		$3.inheritsScope = text/plain
		$3.scope = text/plain
	EndGlobalSection

EndGlobal
